// !$*UTF8*$!
{
	archiveVersion = 1;
	classes = {
	};
	objectVersion = 46;
	objects = {

/* Begin PBXBuildFile section */
		A4B659651F9F31A8004DC255 /* AppDelegate.swift in Sources */ = {isa = PBXBuildFile; fileRef = A4B659641F9F31A8004DC255 /* AppDelegate.swift */; };
		A4B659671F9F31A8004DC255 /* ViewController.swift in Sources */ = {isa = PBXBuildFile; fileRef = A4B659661F9F31A8004DC255 /* ViewController.swift */; };
		A4B6596A1F9F31A8004DC255 /* Main.storyboard in Resources */ = {isa = PBXBuildFile; fileRef = A4B659681F9F31A8004DC255 /* Main.storyboard */; };
		A4B6596C1F9F31A8004DC255 /* Assets.xcassets in Resources */ = {isa = PBXBuildFile; fileRef = A4B6596B1F9F31A8004DC255 /* Assets.xcassets */; };
		A4B6596F1F9F31A8004DC255 /* LaunchScreen.storyboard in Resources */ = {isa = PBXBuildFile; fileRef = A4B6596D1F9F31A8004DC255 /* LaunchScreen.storyboard */; };
		A4B6597A1F9F31A9004DC255 /* AlamofireStudyTests.swift in Sources */ = {isa = PBXBuildFile; fileRef = A4B659791F9F31A9004DC255 /* AlamofireStudyTests.swift */; };
		A4B659851F9F31A9004DC255 /* AlamofireStudyUITests.swift in Sources */ = {isa = PBXBuildFile; fileRef = A4B659841F9F31A9004DC255 /* AlamofireStudyUITests.swift */; };
		A4B659951F9F31EB004DC255 /* HttpMapper.swift in Sources */ = {isa = PBXBuildFile; fileRef = A4B659921F9F31EB004DC255 /* HttpMapper.swift */; };
		A4B659961F9F31EB004DC255 /* NetworkTools.swift in Sources */ = {isa = PBXBuildFile; fileRef = A4B659931F9F31EB004DC255 /* NetworkTools.swift */; };
		A4B659971F9F31EB004DC255 /* URLRouter.swift in Sources */ = {isa = PBXBuildFile; fileRef = A4B659941F9F31EB004DC255 /* URLRouter.swift */; };
		E23B983AE25CB7F1823C83C6 /* Pods_AlamofireStudy.framework in Frameworks */ = {isa = PBXBuildFile; fileRef = A107D394217C194D4469D75C /* Pods_AlamofireStudy.framework */; };
/* End PBXBuildFile section */

/* Begin PBXContainerItemProxy section */
		A4B659761F9F31A9004DC255 /* PBXContainerItemProxy */ = {
			isa = PBXContainerItemProxy;
			containerPortal = A4B659591F9F31A8004DC255 /* Project object */;
			proxyType = 1;
			remoteGlobalIDString = A4B659601F9F31A8004DC255;
			remoteInfo = AlamofireStudy;
		};
		A4B659811F9F31A9004DC255 /* PBXContainerItemProxy */ = {
			isa = PBXContainerItemProxy;
			containerPortal = A4B659591F9F31A8004DC255 /* Project object */;
			proxyType = 1;
			remoteGlobalIDString = A4B659601F9F31A8004DC255;
			remoteInfo = AlamofireStudy;
		};
/* End PBXContainerItemProxy section */

/* Begin PBXFileReference section */
		A107D394217C194D4469D75C /* Pods_AlamofireStudy.framework */ = {isa = PBXFileReference; explicitFileType = wrapper.framework; includeInIndex = 0; path = Pods_AlamofireStudy.framework; sourceTree = BUILT_PRODUCTS_DIR; };
		A4B659611F9F31A8004DC255 /* AlamofireStudy.app */ = {isa = PBXFileReference; explicitFileType = wrapper.application; includeInIndex = 0; path = AlamofireStudy.app; sourceTree = BUILT_PRODUCTS_DIR; };
		A4B659641F9F31A8004DC255 /* AppDelegate.swift */ = {isa = PBXFileReference; lastKnownFileType = sourcecode.swift; path = AppDelegate.swift; sourceTree = "<group>"; };
		A4B659661F9F31A8004DC255 /* ViewController.swift */ = {isa = PBXFileReference; lastKnownFileType = sourcecode.swift; path = ViewController.swift; sourceTree = "<group>"; };
		A4B659691F9F31A8004DC255 /* Base */ = {isa = PBXFileReference; lastKnownFileType = file.storyboard; name = Base; path = Base.lproj/Main.storyboard; sourceTree = "<group>"; };
		A4B6596B1F9F31A8004DC255 /* Assets.xcassets */ = {isa = PBXFileReference; lastKnownFileType = folder.assetcatalog; path = Assets.xcassets; sourceTree = "<group>"; };
		A4B6596E1F9F31A8004DC255 /* Base */ = {isa = PBXFileReference; lastKnownFileType = file.storyboard; name = Base; path = Base.lproj/LaunchScreen.storyboard; sourceTree = "<group>"; };
		A4B659701F9F31A8004DC255 /* Info.plist */ = {isa = PBXFileReference; lastKnownFileType = text.plist.xml; path = Info.plist; sourceTree = "<group>"; };
		A4B659751F9F31A9004DC255 /* AlamofireStudyTests.xctest */ = {isa = PBXFileReference; explicitFileType = wrapper.cfbundle; includeInIndex = 0; path = AlamofireStudyTests.xctest; sourceTree = BUILT_PRODUCTS_DIR; };
		A4B659791F9F31A9004DC255 /* AlamofireStudyTests.swift */ = {isa = PBXFileReference; lastKnownFileType = sourcecode.swift; path = AlamofireStudyTests.swift; sourceTree = "<group>"; };
		A4B6597B1F9F31A9004DC255 /* Info.plist */ = {isa = PBXFileReference; lastKnownFileType = text.plist.xml; path = Info.plist; sourceTree = "<group>"; };
		A4B659801F9F31A9004DC255 /* AlamofireStudyUITests.xctest */ = {isa = PBXFileReference; explicitFileType = wrapper.cfbundle; includeInIndex = 0; path = AlamofireStudyUITests.xctest; sourceTree = BUILT_PRODUCTS_DIR; };
		A4B659841F9F31A9004DC255 /* AlamofireStudyUITests.swift */ = {isa = PBXFileReference; lastKnownFileType = sourcecode.swift; path = AlamofireStudyUITests.swift; sourceTree = "<group>"; };
		A4B659861F9F31A9004DC255 /* Info.plist */ = {isa = PBXFileReference; lastKnownFileType = text.plist.xml; path = Info.plist; sourceTree = "<group>"; };
		A4B659921F9F31EB004DC255 /* HttpMapper.swift */ = {isa = PBXFileReference; fileEncoding = 4; lastKnownFileType = sourcecode.swift; path = HttpMapper.swift; sourceTree = "<group>"; };
		A4B659931F9F31EB004DC255 /* NetworkTools.swift */ = {isa = PBXFileReference; fileEncoding = 4; lastKnownFileType = sourcecode.swift; path = NetworkTools.swift; sourceTree = "<group>"; };
		A4B659941F9F31EB004DC255 /* URLRouter.swift */ = {isa = PBXFileReference; fileEncoding = 4; lastKnownFileType = sourcecode.swift; path = URLRouter.swift; sourceTree = "<group>"; };
		B0AFD9ED07C27BBB773BEF9E /* Pods-AlamofireStudy.debug.xcconfig */ = {isa = PBXFileReference; includeInIndex = 1; lastKnownFileType = text.xcconfig; name = "Pods-AlamofireStudy.debug.xcconfig"; path = "Pods/Target Support Files/Pods-AlamofireStudy/Pods-AlamofireStudy.debug.xcconfig"; sourceTree = "<group>"; };
		B1E4134229B6F05E9A42E07F /* Pods-AlamofireStudy.release.xcconfig */ = {isa = PBXFileReference; includeInIndex = 1; lastKnownFileType = text.xcconfig; name = "Pods-AlamofireStudy.release.xcconfig"; path = "Pods/Target Support Files/Pods-AlamofireStudy/Pods-AlamofireStudy.release.xcconfig"; sourceTree = "<group>"; };
/* End PBXFileReference section */

/* Begin PBXFrameworksBuildPhase section */
		A4B6595E1F9F31A8004DC255 /* Frameworks */ = {
			isa = PBXFrameworksBuildPhase;
			buildActionMask = 2147483647;
			files = (
				E23B983AE25CB7F1823C83C6 /* Pods_AlamofireStudy.framework in Frameworks */,
			);
			runOnlyForDeploymentPostprocessing = 0;
		};
		A4B659721F9F31A9004DC255 /* Frameworks */ = {
			isa = PBXFrameworksBuildPhase;
			buildActionMask = 2147483647;
			files = (
			);
			runOnlyForDeploymentPostprocessing = 0;
		};
		A4B6597D1F9F31A9004DC255 /* Frameworks */ = {
			isa = PBXFrameworksBuildPhase;
			buildActionMask = 2147483647;
			files = (
			);
			runOnlyForDeploymentPostprocessing = 0;
		};
/* End PBXFrameworksBuildPhase section */

/* Begin PBXGroup section */
		1F21B3E1323F0327546BD09D /* Pods */ = {
			isa = PBXGroup;
			children = (
				B0AFD9ED07C27BBB773BEF9E /* Pods-AlamofireStudy.debug.xcconfig */,
				B1E4134229B6F05E9A42E07F /* Pods-AlamofireStudy.release.xcconfig */,
			);
			name = Pods;
			sourceTree = "<group>";
		};
		918389D99A50B3F3818CE7C0 /* Frameworks */ = {
			isa = PBXGroup;
			children = (
				A107D394217C194D4469D75C /* Pods_AlamofireStudy.framework */,
			);
			name = Frameworks;
			sourceTree = "<group>";
		};
		A4B659581F9F31A8004DC255 = {
			isa = PBXGroup;
			children = (
				A4B659631F9F31A8004DC255 /* AlamofireStudy */,
				A4B659781F9F31A9004DC255 /* AlamofireStudyTests */,
				A4B659831F9F31A9004DC255 /* AlamofireStudyUITests */,
				A4B659621F9F31A8004DC255 /* Products */,
				1F21B3E1323F0327546BD09D /* Pods */,
				918389D99A50B3F3818CE7C0 /* Frameworks */,
			);
			sourceTree = "<group>";
		};
		A4B659621F9F31A8004DC255 /* Products */ = {
			isa = PBXGroup;
			children = (
				A4B659611F9F31A8004DC255 /* AlamofireStudy.app */,
				A4B659751F9F31A9004DC255 /* AlamofireStudyTests.xctest */,
				A4B659801F9F31A9004DC255 /* AlamofireStudyUITests.xctest */,
			);
			name = Products;
			sourceTree = "<group>";
		};
		A4B659631F9F31A8004DC255 /* AlamofireStudy */ = {
			isa = PBXGroup;
			children = (
				A4B659921F9F31EB004DC255 /* HttpMapper.swift */,
				A4B659931F9F31EB004DC255 /* NetworkTools.swift */,
				A4B659941F9F31EB004DC255 /* URLRouter.swift */,
				A4B659641F9F31A8004DC255 /* AppDelegate.swift */,
				A4B659661F9F31A8004DC255 /* ViewController.swift */,
				A4B659681F9F31A8004DC255 /* Main.storyboard */,
				A4B6596B1F9F31A8004DC255 /* Assets.xcassets */,
				A4B6596D1F9F31A8004DC255 /* LaunchScreen.storyboard */,
				A4B659701F9F31A8004DC255 /* Info.plist */,
			);
			path = AlamofireStudy;
			sourceTree = "<group>";
		};
		A4B659781F9F31A9004DC255 /* AlamofireStudyTests */ = {
			isa = PBXGroup;
			children = (
				A4B659791F9F31A9004DC255 /* AlamofireStudyTests.swift */,
				A4B6597B1F9F31A9004DC255 /* Info.plist */,
			);
			path = AlamofireStudyTests;
			sourceTree = "<group>";
		};
		A4B659831F9F31A9004DC255 /* AlamofireStudyUITests */ = {
			isa = PBXGroup;
			children = (
				A4B659841F9F31A9004DC255 /* AlamofireStudyUITests.swift */,
				A4B659861F9F31A9004DC255 /* Info.plist */,
			);
			path = AlamofireStudyUITests;
			sourceTree = "<group>";
		};
/* End PBXGroup section */

/* Begin PBXNativeTarget section */
		A4B659601F9F31A8004DC255 /* AlamofireStudy */ = {
			isa = PBXNativeTarget;
			buildConfigurationList = A4B659891F9F31A9004DC255 /* Build configuration list for PBXNativeTarget "AlamofireStudy" */;
			buildPhases = (
				93BF3E15FC76F6704F7FAF90 /* [CP] Check Pods Manifest.lock */,
				A4B6595D1F9F31A8004DC255 /* Sources */,
				A4B6595E1F9F31A8004DC255 /* Frameworks */,
				A4B6595F1F9F31A8004DC255 /* Resources */,
				F704124AA1CF2CD7333F6CE7 /* [CP] Embed Pods Frameworks */,
				D1074293BE56A4015B904A61 /* [CP] Copy Pods Resources */,
			);
			buildRules = (
			);
			dependencies = (
			);
			name = AlamofireStudy;
			productName = AlamofireStudy;
			productReference = A4B659611F9F31A8004DC255 /* AlamofireStudy.app */;
			productType = "com.apple.product-type.application";
		};
		A4B659741F9F31A9004DC255 /* AlamofireStudyTests */ = {
			isa = PBXNativeTarget;
			buildConfigurationList = A4B6598C1F9F31A9004DC255 /* Build configuration list for PBXNativeTarget "AlamofireStudyTests" */;
			buildPhases = (
				A4B659711F9F31A9004DC255 /* Sources */,
				A4B659721F9F31A9004DC255 /* Frameworks */,
				A4B659731F9F31A9004DC255 /* Resources */,
			);
			buildRules = (
			);
			dependencies = (
				A4B659771F9F31A9004DC255 /* PBXTargetDependency */,
			);
			name = AlamofireStudyTests;
			productName = AlamofireStudyTests;
			productReference = A4B659751F9F31A9004DC255 /* AlamofireStudyTests.xctest */;
			productType = "com.apple.product-type.bundle.unit-test";
		};
		A4B6597F1F9F31A9004DC255 /* AlamofireStudyUITests */ = {
			isa = PBXNativeTarget;
			buildConfigurationList = A4B6598F1F9F31A9004DC255 /* Build configuration list for PBXNativeTarget "AlamofireStudyUITests" */;
			buildPhases = (
				A4B6597C1F9F31A9004DC255 /* Sources */,
				A4B6597D1F9F31A9004DC255 /* Frameworks */,
				A4B6597E1F9F31A9004DC255 /* Resources */,
			);
			buildRules = (
			);
			dependencies = (
				A4B659821F9F31A9004DC255 /* PBXTargetDependency */,
			);
			name = AlamofireStudyUITests;
			productName = AlamofireStudyUITests;
			productReference = A4B659801F9F31A9004DC255 /* AlamofireStudyUITests.xctest */;
			productType = "com.apple.product-type.bundle.ui-testing";
		};
/* End PBXNativeTarget section */

/* Begin PBXProject section */
		A4B659591F9F31A8004DC255 /* Project object */ = {
			isa = PBXProject;
			attributes = {
				LastSwiftUpdateCheck = 0830;
				LastUpgradeCheck = 0830;
				ORGANIZATIONNAME = "谭彪";
				TargetAttributes = {
					A4B659601F9F31A8004DC255 = {
						CreatedOnToolsVersion = 8.3.3;
						DevelopmentTeam = W8ZBWMZ89E;
						ProvisioningStyle = Automatic;
					};
					A4B659741F9F31A9004DC255 = {
						CreatedOnToolsVersion = 8.3.3;
						ProvisioningStyle = Automatic;
						TestTargetID = A4B659601F9F31A8004DC255;
					};
					A4B6597F1F9F31A9004DC255 = {
						CreatedOnToolsVersion = 8.3.3;
						ProvisioningStyle = Automatic;
						TestTargetID = A4B659601F9F31A8004DC255;
					};
				};
			};
			buildConfigurationList = A4B6595C1F9F31A8004DC255 /* Build configuration list for PBXProject "AlamofireStudy" */;
			compatibilityVersion = "Xcode 3.2";
			developmentRegion = English;
			hasScannedForEncodings = 0;
			knownRegions = (
				en,
				Base,
			);
			mainGroup = A4B659581F9F31A8004DC255;
			productRefGroup = A4B659621F9F31A8004DC255 /* Products */;
			projectDirPath = "";
			projectRoot = "";
			targets = (
				A4B659601F9F31A8004DC255 /* AlamofireStudy */,
				A4B659741F9F31A9004DC255 /* AlamofireStudyTests */,
				A4B6597F1F9F31A9004DC255 /* AlamofireStudyUITests */,
			);
		};
/* End PBXProject section */

/* Begin PBXResourcesBuildPhase section */
		A4B6595F1F9F31A8004DC255 /* Resources */ = {
			isa = PBXResourcesBuildPhase;
			buildActionMask = 2147483647;
			files = (
				A4B6596F1F9F31A8004DC255 /* LaunchScreen.storyboard in Resources */,
				A4B6596C1F9F31A8004DC255 /* Assets.xcassets in Resources */,
				A4B6596A1F9F31A8004DC255 /* Main.storyboard in Resources */,
			);
			runOnlyForDeploymentPostprocessing = 0;
		};
		A4B659731F9F31A9004DC255 /* Resources */ = {
			isa = PBXResourcesBuildPhase;
			buildActionMask = 2147483647;
			files = (
			);
			runOnlyForDeploymentPostprocessing = 0;
		};
		A4B6597E1F9F31A9004DC255 /* Resources */ = {
			isa = PBXResourcesBuildPhase;
			buildActionMask = 2147483647;
			files = (
			);
			runOnlyForDeploymentPostprocessing = 0;
		};
/* End PBXResourcesBuildPhase section */

/* Begin PBXShellScriptBuildPhase section */
		93BF3E15FC76F6704F7FAF90 /* [CP] Check Pods Manifest.lock */ = {
			isa = PBXShellScriptBuildPhase;
			buildActionMask = 2147483647;
			files = (
			);
			inputPaths = (
			);
			name = "[CP] Check Pods Manifest.lock";
			outputPaths = (
			);
			runOnlyForDeploymentPostprocessing = 0;
			shellPath = /bin/sh;
			shellScript = "diff \"${PODS_PODFILE_DIR_PATH}/Podfile.lock\" \"${PODS_ROOT}/Manifest.lock\" > /dev/null\nif [ $? != 0 ] ; then\n    # print error to STDERR\n    echo \"error: The sandbox is not in sync with the Podfile.lock. Run 'pod install' or update your CocoaPods installation.\" >&2\n    exit 1\nfi\n";
			showEnvVarsInLog = 0;
		};
		D1074293BE56A4015B904A61 /* [CP] Copy Pods Resources */ = {
			isa = PBXShellScriptBuildPhase;
			buildActionMask = 2147483647;
			files = (
			);
			inputPaths = (
			);
			name = "[CP] Copy Pods Resources";
			outputPaths = (
			);
			runOnlyForDeploymentPostprocessing = 0;
			shellPath = /bin/sh;
			shellScript = "\"${SRCROOT}/Pods/Target Support Files/Pods-AlamofireStudy/Pods-AlamofireStudy-resources.sh\"\n";
			showEnvVarsInLog = 0;
		};
		F704124AA1CF2CD7333F6CE7 /* [CP] Embed Pods Frameworks */ = {
			isa = PBXShellScriptBuildPhase;
			buildActionMask = 2147483647;
			files = (
			);
			inputPaths = (
			);
			name = "[CP] Embed Pods Frameworks";
			outputPaths = (
			);
			runOnlyForDeploymentPostprocessing = 0;
			shellPath = /bin/sh;
			shellScript = "\"${SRCROOT}/Pods/Target Support Files/Pods-AlamofireStudy/Pods-AlamofireStudy-frameworks.sh\"\n";
			showEnvVarsInLog = 0;
		};
/* End PBXShellScriptBuildPhase section */

/* Begin PBXSourcesBuildPhase section */
		A4B6595D1F9F31A8004DC255 /* Sources */ = {
			isa = PBXSourcesBuildPhase;
			buildActionMask = 2147483647;
			files = (
				A4B659961F9F31EB004DC255 /* NetworkTools.swift in Sources */,
				A4B659951F9F31EB004DC255 /* HttpMapper.swift in Sources */,
				A4B659971F9F31EB004DC255 /* URLRouter.swift in Sources */,
				A4B659671F9F31A8004DC255 /* ViewController.swift in Sources */,
				A4B659651F9F31A8004DC255 /* AppDelegate.swift in Sources */,
			);
			runOnlyForDeploymentPostprocessing = 0;
		};
		A4B659711F9F31A9004DC255 /* Sources */ = {
			isa = PBXSourcesBuildPhase;
			buildActionMask = 2147483647;
			files = (
				A4B6597A1F9F31A9004DC255 /* AlamofireStudyTests.swift in Sources */,
			);
			runOnlyForDeploymentPostprocessing = 0;
		};
		A4B6597C1F9F31A9004DC255 /* Sources */ = {
			isa = PBXSourcesBuildPhase;
			buildActionMask = 2147483647;
			files = (
				A4B659851F9F31A9004DC255 /* AlamofireStudyUITests.swift in Sources */,
			);
			runOnlyForDeploymentPostprocessing = 0;
		};
/* End PBXSourcesBuildPhase section */

/* Begin PBXTargetDependency section */
		A4B659771F9F31A9004DC255 /* PBXTargetDependency */ = {
			isa = PBXTargetDependency;
			target = A4B659601F9F31A8004DC255 /* AlamofireStudy */;
			targetProxy = A4B659761F9F31A9004DC255 /* PBXContainerItemProxy */;
		};
		A4B659821F9F31A9004DC255 /* PBXTargetDependency */ = {
			isa = PBXTargetDependency;
			target = A4B659601F9F31A8004DC255 /* AlamofireStudy */;
			targetProxy = A4B659811F9F31A9004DC255 /* PBXContainerItemProxy */;
		};
/* End PBXTargetDependency section */

/* Begin PBXVariantGroup section */
		A4B659681F9F31A8004DC255 /* Main.storyboard */ = {
			isa = PBXVariantGroup;
			children = (
				A4B659691F9F31A8004DC255 /* Base */,
			);
			name = Main.storyboard;
			sourceTree = "<group>";
		};
		A4B6596D1F9F31A8004DC255 /* LaunchScreen.storyboard */ = {
			isa = PBXVariantGroup;
			children = (
				A4B6596E1F9F31A8004DC255 /* Base */,
			);
			name = LaunchScreen.storyboard;
			sourceTree = "<group>";
		};
/* End PBXVariantGroup section */

/* Begin XCBuildConfiguration section */
		A4B659871F9F31A9004DC255 /* Debug */ = {
			isa = XCBuildConfiguration;
			buildSettings = {
				ALWAYS_SEARCH_USER_PATHS = NO;
				CLANG_ANALYZER_NONNULL = YES;
				CLANG_ANALYZER_NUMBER_OBJECT_CONVERSION = YES_AGGRESSIVE;
				CLANG_CXX_LANGUAGE_STANDARD = "gnu++0x";
				CLANG_CXX_LIBRARY = "libc++";
				CLANG_ENABLE_MODULES = YES;
				CLANG_ENABLE_OBJC_ARC = YES;
				CLANG_WARN_BOOL_CONVERSION = YES;
				CLANG_WARN_CONSTANT_CONVERSION = YES;
				CLANG_WARN_DIRECT_OBJC_ISA_USAGE = YES_ERROR;
				CLANG_WARN_DOCUMENTATION_COMMENTS = YES;
				CLANG_WARN_EMPTY_BODY = YES;
				CLANG_WARN_ENUM_CONVERSION = YES;
				CLANG_WARN_INFINITE_RECURSION = YES;
				CLANG_WARN_INT_CONVERSION = YES;
				CLANG_WARN_OBJC_ROOT_CLASS = YES_ERROR;
				CLANG_WARN_SUSPICIOUS_MOVE = YES;
				CLANG_WARN_UNREACHABLE_CODE = YES;
				CLANG_WARN__DUPLICATE_METHOD_MATCH = YES;
				"CODE_SIGN_IDENTITY[sdk=iphoneos*]" = "iPhone Developer";
				COPY_PHASE_STRIP = NO;
				DEBUG_INFORMATION_FORMAT = dwarf;
				ENABLE_STRICT_OBJC_MSGSEND = YES;
				ENABLE_TESTABILITY = YES;
				GCC_C_LANGUAGE_STANDARD = gnu99;
				GCC_DYNAMIC_NO_PIC = NO;
				GCC_NO_COMMON_BLOCKS = YES;
				GCC_OPTIMIZATION_LEVEL = 0;
				GCC_PREPROCESSOR_DEFINITIONS = (
					"DEBUG=1",
					"$(inherited)",
				);
				GCC_WARN_64_TO_32_BIT_CONVERSION = YES;
				GCC_WARN_ABOUT_RETURN_TYPE = YES_ERROR;
				GCC_WARN_UNDECLARED_SELECTOR = YES;
				GCC_WARN_UNINITIALIZED_AUTOS = YES_AGGRESSIVE;
				GCC_WARN_UNUSED_FUNCTION = YES;
				GCC_WARN_UNUSED_VARIABLE = YES;
				IPHONEOS_DEPLOYMENT_TARGET = 10.3;
				MTL_ENABLE_DEBUG_INFO = YES;
				ONLY_ACTIVE_ARCH = YES;
				SDKROOT = iphoneos;
				SWIFT_ACTIVE_COMPILATION_CONDITIONS = DEBUG;
				SWIFT_OPTIMIZATION_LEVEL = "-Onone";
				TARGETED_DEVICE_FAMILY = "1,2";
			};
			name = Debug;
		};
		A4B659881F9F31A9004DC255 /* Release */ = {
			isa = XCBuildConfiguration;
			buildSettings = {
				ALWAYS_SEARCH_USER_PATHS = NO;
				CLANG_ANALYZER_NONNULL = YES;
				CLANG_ANALYZER_NUMBER_OBJECT_CONVERSION = YES_AGGRESSIVE;
				CLANG_CXX_LANGUAGE_STANDARD = "gnu++0x";
				CLANG_CXX_LIBRARY = "libc++";
				CLANG_ENABLE_MODULES = YES;
				CLANG_ENABLE_OBJC_ARC = YES;
				CLANG_WARN_BOOL_CONVERSION = YES;
				CLANG_WARN_CONSTANT_CONVERSION = YES;
				CLANG_WARN_DIRECT_OBJC_ISA_USAGE = YES_ERROR;
				CLANG_WARN_DOCUMENTATION_COMMENTS = YES;
				CLANG_WARN_EMPTY_BODY = YES;
				CLANG_WARN_ENUM_CONVERSION = YES;
				CLANG_WARN_INFINITE_RECURSION = YES;
				CLANG_WARN_INT_CONVERSION = YES;
				CLANG_WARN_OBJC_ROOT_CLASS = YES_ERROR;
				CLANG_WARN_SUSPICIOUS_MOVE = YES;
				CLANG_WARN_UNREACHABLE_CODE = YES;
				CLANG_WARN__DUPLICATE_METHOD_MATCH = YES;
				"CODE_SIGN_IDENTITY[sdk=iphoneos*]" = "iPhone Developer";
				COPY_PHASE_STRIP = NO;
				DEBUG_INFORMATION_FORMAT = "dwarf-with-dsym";
				ENABLE_NS_ASSERTIONS = NO;
				ENABLE_STRICT_OBJC_MSGSEND = YES;
				GCC_C_LANGUAGE_STANDARD = gnu99;
				GCC_NO_COMMON_BLOCKS = YES;
				GCC_WARN_64_TO_32_BIT_CONVERSION = YES;
				GCC_WARN_ABOUT_RETURN_TYPE = YES_ERROR;
				GCC_WARN_UNDECLARED_SELECTOR = YES;
				GCC_WARN_UNINITIALIZED_AUTOS = YES_AGGRESSIVE;
				GCC_WARN_UNUSED_FUNCTION = YES;
				GCC_WARN_UNUSED_VARIABLE = YES;
				IPHONEOS_DEPLOYMENT_TARGET = 10.3;
				MTL_ENABLE_DEBUG_INFO = NO;
				SDKROOT = iphoneos;
				SWIFT_OPTIMIZATION_LEVEL = "-Owholemodule";
				TARGETED_DEVICE_FAMILY = "1,2";
				VALIDATE_PRODUCT = YES;
			};
			name = Release;
		};
		A4B6598A1F9F31A9004DC255 /* Debug */ = {
			isa = XCBuildConfiguration;
			baseConfigurationReference = B0AFD9ED07C27BBB773BEF9E /* Pods-AlamofireStudy.debug.xcconfig */;
			buildSettings = {
				ASSETCATALOG_COMPILER_APPICON_NAME = AppIcon;
				DEVELOPMENT_TEAM = W8ZBWMZ89E;
				INFOPLIST_FILE = AlamofireStudy/Info.plist;
				LD_RUNPATH_SEARCH_PATHS = "$(inherited) @executable_path/Frameworks";
				PRODUCT_BUNDLE_IDENTIFIER = lewwei.AlamofireStudy;
				PRODUCT_NAME = "$(TARGET_NAME)";
				SWIFT_VERSION = 3.0;
			};
			name = Debug;
		};
		A4B6598B1F9F31A9004DC255 /* Release */ = {
			isa = XCBuildConfiguration;
			baseConfigurationReference = B1E4134229B6F05E9A42E07F /* Pods-AlamofireStudy.release.xcconfig */;
			buildSettings = {
				ASSETCATALOG_COMPILER_APPICON_NAME = AppIcon;
				DEVELOPMENT_TEAM = W8ZBWMZ89E;
				INFOPLIST_FILE = AlamofireStudy/Info.plist;
				LD_RUNPATH_SEARCH_PATHS = "$(inherited) @executable_path/Frameworks";
				PRODUCT_BUNDLE_IDENTIFIER = lewwei.AlamofireStudy;
				PRODUCT_NAME = "$(TARGET_NAME)";
				SWIFT_VERSION = 3.0;
			};
			name = Release;
		};
		A4B6598D1F9F31A9004DC255 /* Debug */ = {
			isa = XCBuildConfiguration;
			buildSettings = {
				ALWAYS_EMBED_SWIFT_STANDARD_LIBRARIES = YES;
				BUNDLE_LOADER = "$(TEST_HOST)";
				INFOPLIST_FILE = AlamofireStudyTests/Info.plist;
				LD_RUNPATH_SEARCH_PATHS = "$(inherited) @executable_path/Frameworks @loader_path/Frameworks";
				PRODUCT_BUNDLE_IDENTIFIER = lewwei.AlamofireStudyTests;
				PRODUCT_NAME = "$(TARGET_NAME)";
				SWIFT_VERSION = 3.0;
				TEST_HOST = "$(BUILT_PRODUCTS_DIR)/AlamofireStudy.app/AlamofireStudy";
			};
			name = Debug;
		};
		A4B6598E1F9F31A9004DC255 /* Release */ = {
			isa = XCBuildConfiguration;
			buildSettings = {
				ALWAYS_EMBED_SWIFT_STANDARD_LIBRARIES = YES;
				BUNDLE_LOADER = "$(TEST_HOST)";
				INFOPLIST_FILE = AlamofireStudyTests/Info.plist;
				LD_RUNPATH_SEARCH_PATHS = "$(inherited) @executable_path/Frameworks @loader_path/Frameworks";
				PRODUCT_BUNDLE_IDENTIFIER = lewwei.AlamofireStudyTests;
				PRODUCT_NAME = "$(TARGET_NAME)";
				SWIFT_VERSION = 3.0;
				TEST_HOST = "$(BUILT_PRODUCTS_DIR)/AlamofireStudy.app/AlamofireStudy";
			};
			name = Release;
		};
		A4B659901F9F31A9004DC255 /* Debug */ = {
			isa = XCBuildConfiguration;
			buildSettings = {
				ALWAYS_EMBED_SWIFT_STANDARD_LIBRARIES = YES;
				INFOPLIST_FILE = AlamofireStudyUITests/Info.plist;
				LD_RUNPATH_SEARCH_PATHS = "$(inherited) @executable_path/Frameworks @loader_path/Frameworks";
				PRODUCT_BUNDLE_IDENTIFIER = lewwei.AlamofireStudyUITests;
				PRODUCT_NAME = "$(TARGET_NAME)";
				SWIFT_VERSION = 3.0;
				TEST_TARGET_NAME = AlamofireStudy;
			};
			name = Debug;
		};
		A4B659911F9F31A9004DC255 /* Release */ = {
			isa = XCBuildConfiguration;
			buildSettings = {
				ALWAYS_EMBED_SWIFT_STANDARD_LIBRARIES = YES;
				INFOPLIST_FILE = AlamofireStudyUITests/Info.plist;
				LD_RUNPATH_SEARCH_PATHS = "$(inherited) @executable_path/Frameworks @loader_path/Frameworks";
				PRODUCT_BUNDLE_IDENTIFIER = lewwei.AlamofireStudyUITests;
				PRODUCT_NAME = "$(TARGET_NAME)";
				SWIFT_VERSION = 3.0;
				TEST_TARGET_NAME = AlamofireStudy;
			};
			name = Release;
		};
/* End XCBuildConfiguration section */

/* Begin XCConfigurationList section */
		A4B6595C1F9F31A8004DC255 /* Build configuration list for PBXProject "AlamofireStudy" */ = {
			isa = XCConfigurationList;
			buildConfigurations = (
				A4B659871F9F31A9004DC255 /* Debug */,
				A4B659881F9F31A9004DC255 /* Release */,
			);
			defaultConfigurationIsVisible = 0;
			defaultConfigurationName = Release;
		};
		A4B659891F9F31A9004DC255 /* Build configuration list for PBXNativeTarget "AlamofireStudy" */ = {
			isa = XCConfigurationList;
			buildConfigurations = (
				A4B6598A1F9F31A9004DC255 /* Debug */,
				A4B6598B1F9F31A9004DC255 /* Release */,
			);
			defaultConfigurationIsVisible = 0;
			defaultConfigurationName = Release;
		};
		A4B6598C1F9F31A9004DC255 /* Build configuration list for PBXNativeTarget "AlamofireStudyTests" */ = {
			isa = XCConfigurationList;
			buildConfigurations = (
				A4B6598D1F9F31A9004DC255 /* Debug */,
				A4B6598E1F9F31A9004DC255 /* Release */,
			);
			defaultConfigurationIsVisible = 0;
			defaultConfigurationName = Release;
		};
		A4B6598F1F9F31A9004DC255 /* Build configuration list for PBXNativeTarget "AlamofireStudyUITests" */ = {
			isa = XCConfigurationList;
			buildConfigurations = (
				A4B659901F9F31A9004DC255 /* Debug */,
				A4B659911F9F31A9004DC255 /* Release */,
			);
			defaultConfigurationIsVisible = 0;
			defaultConfigurationName = Release;
		};
/* End XCConfigurationList section */
	};
	rootObject = A4B659591F9F31A8004DC255 /* Project object */;
}
